
Microsoft Visual Studio Solution File, Format Version 12.00
# Visual Studio Version 17
VisualStudioVersion = 17.4.33213.308
MinimumVisualStudioVersion = 10.0.40219.1
Project("{FAE04EC0-301F-11D3-BF4B-00C04F79EFBC}") = "TSMaster_CAN", "TSMaster_CAN\TSMaster_CAN.csproj", "{6D740B6E-AD18-4E64-8B98-CBEB4B0DD658}"
EndProject
Project("{FAE04EC0-301F-11D3-BF4B-00C04F79EFBC}") = "TSMaster_FlexRay", "TSMaster_FlexRay\TSMaster_FlexRay.csproj", "{19DF63B2-B303-475B-81E5-A04B56A35C6C}"
EndProject
Project("{FAE04EC0-301F-11D3-BF4B-00C04F79EFBC}") = "TSMaster_LIN", "TSMaster_LIN\TSMaster_LIN.csproj", "{2AAEA586-E46E-497C-B07C-FD65188A2489}"
EndProject
Project("{FAE04EC0-301F-11D3-BF4B-00C04F79EFBC}") = "TSMaster_ETH_UDP", "TSMaster_ETH_UDP\TSMaster_ETH_UDP.csproj", "{E0C836E3-70FC-4532-989E-42CB932F0A35}"
EndProject
Project("{FAE04EC0-301F-11D3-BF4B-00C04F79EFBC}") = "TSMaster_ETH_TCP", "TSMaster_ETH_TCP\TSMaster_ETH_TCP.csproj", "{9A0C3F66-473F-4763-B7EE-0908A62F1ADB}"
EndProject
Project("{FAE04EC0-301F-11D3-BF4B-00C04F79EFBC}") = "TSMaster_ETH_Demo", "TSMaster_ETH_Demo\TSMaster_ETH_Demo.csproj", "{2A29A3C6-424B-4177-AA1F-88C59E71DD8E}"
EndProject
Global
	GlobalSection(SolutionConfigurationPlatforms) = preSolution
		Debug|Any CPU = Debug|Any CPU
		Release|Any CPU = Release|Any CPU
	EndGlobalSection
	GlobalSection(ProjectConfigurationPlatforms) = postSolution
		{6D740B6E-AD18-4E64-8B98-CBEB4B0DD658}.Debug|Any CPU.ActiveCfg = Debug|Any CPU
		{6D740B6E-AD18-4E64-8B98-CBEB4B0DD658}.Debug|Any CPU.Build.0 = Debug|Any CPU
		{6D740B6E-AD18-4E64-8B98-CBEB4B0DD658}.Release|Any CPU.ActiveCfg = Release|Any CPU
		{6D740B6E-AD18-4E64-8B98-CBEB4B0DD658}.Release|Any CPU.Build.0 = Release|Any CPU
		{19DF63B2-B303-475B-81E5-A04B56A35C6C}.Debug|Any CPU.ActiveCfg = Debug|Any CPU
		{19DF63B2-B303-475B-81E5-A04B56A35C6C}.Debug|Any CPU.Build.0 = Debug|Any CPU
		{19DF63B2-B303-475B-81E5-A04B56A35C6C}.Release|Any CPU.ActiveCfg = Release|Any CPU
		{19DF63B2-B303-475B-81E5-A04B56A35C6C}.Release|Any CPU.Build.0 = Release|Any CPU
		{2AAEA586-E46E-497C-B07C-FD65188A2489}.Debug|Any CPU.ActiveCfg = Debug|Any CPU
		{2AAEA586-E46E-497C-B07C-FD65188A2489}.Debug|Any CPU.Build.0 = Debug|Any CPU
		{2AAEA586-E46E-497C-B07C-FD65188A2489}.Release|Any CPU.ActiveCfg = Release|Any CPU
		{2AAEA586-E46E-497C-B07C-FD65188A2489}.Release|Any CPU.Build.0 = Release|Any CPU
		{E0C836E3-70FC-4532-989E-42CB932F0A35}.Debug|Any CPU.ActiveCfg = Debug|Any CPU
		{E0C836E3-70FC-4532-989E-42CB932F0A35}.Debug|Any CPU.Build.0 = Debug|Any CPU
		{E0C836E3-70FC-4532-989E-42CB932F0A35}.Release|Any CPU.ActiveCfg = Release|Any CPU
		{E0C836E3-70FC-4532-989E-42CB932F0A35}.Release|Any CPU.Build.0 = Release|Any CPU
		{9A0C3F66-473F-4763-B7EE-0908A62F1ADB}.Debug|Any CPU.ActiveCfg = Debug|Any CPU
		{9A0C3F66-473F-4763-B7EE-0908A62F1ADB}.Debug|Any CPU.Build.0 = Debug|Any CPU
		{9A0C3F66-473F-4763-B7EE-0908A62F1ADB}.Release|Any CPU.ActiveCfg = Release|Any CPU
		{9A0C3F66-473F-4763-B7EE-0908A62F1ADB}.Release|Any CPU.Build.0 = Release|Any CPU
		{2A29A3C6-424B-4177-AA1F-88C59E71DD8E}.Debug|Any CPU.ActiveCfg = Debug|Any CPU
		{2A29A3C6-424B-4177-AA1F-88C59E71DD8E}.Debug|Any CPU.Build.0 = Debug|Any CPU
		{2A29A3C6-424B-4177-AA1F-88C59E71DD8E}.Release|Any CPU.ActiveCfg = Release|Any CPU
		{2A29A3C6-424B-4177-AA1F-88C59E71DD8E}.Release|Any CPU.Build.0 = Release|Any CPU
	EndGlobalSection
	GlobalSection(SolutionProperties) = preSolution
		HideSolutionNode = FALSE
	EndGlobalSection
	GlobalSection(ExtensibilityGlobals) = postSolution
		SolutionGuid = {2C9B1B6A-DB69-4456-BE8F-69ACC57ECE35}
	EndGlobalSection
EndGlobal
