
Microsoft Visual Studio Solution File, Format Version 12.00
# Visual Studio Version 17
VisualStudioVersion = 17.5.33516.290
MinimumVisualStudioVersion = 10.0.40219.1
Project("{8BC9CEB8-8B4A-11D0-8D11-00A0C91BC942}") = "TSMasterAPI_Demo_CPP_ETH_UDP", "TSMasterAPI_Demo_CPP_ETH_UDP\TSMasterAPI_Demo_CPP_ETH_UDP.vcxproj", "{52441FBC-A6D4-4821-BB67-3AAEF312F849}"
EndProject
Project("{8BC9CEB8-8B4A-11D0-8D11-00A0C91BC942}") = "TSMasterAPI_Demo_CPP_ETH_TCP", "TSMasterAPI_Demo_CPP_ETH_TCP\TSMasterAPI_Demo_CPP_ETH_TCP.vcxproj", "{6BC8D83A-86D9-4551-9AD2-9F2DF682A559}"
EndProject
Global
	GlobalSection(SolutionConfigurationPlatforms) = preSolution
		Debug|x64 = Debug|x64
		Debug|x86 = Debug|x86
		Release|x64 = Release|x64
		Release|x86 = Release|x86
	EndGlobalSection
	GlobalSection(ProjectConfigurationPlatforms) = postSolution
		{52441FBC-A6D4-4821-BB67-3AAEF312F849}.Debug|x64.ActiveCfg = Debug|x64
		{52441FBC-A6D4-4821-BB67-3AAEF312F849}.Debug|x64.Build.0 = Debug|x64
		{52441FBC-A6D4-4821-BB67-3AAEF312F849}.Debug|x86.ActiveCfg = Debug|Win32
		{52441FBC-A6D4-4821-BB67-3AAEF312F849}.Debug|x86.Build.0 = Debug|Win32
		{52441FBC-A6D4-4821-BB67-3AAEF312F849}.Release|x64.ActiveCfg = Release|x64
		{52441FBC-A6D4-4821-BB67-3AAEF312F849}.Release|x64.Build.0 = Release|x64
		{52441FBC-A6D4-4821-BB67-3AAEF312F849}.Release|x86.ActiveCfg = Release|Win32
		{52441FBC-A6D4-4821-BB67-3AAEF312F849}.Release|x86.Build.0 = Release|Win32
		{6BC8D83A-86D9-4551-9AD2-9F2DF682A559}.Debug|x64.ActiveCfg = Debug|x64
		{6BC8D83A-86D9-4551-9AD2-9F2DF682A559}.Debug|x64.Build.0 = Debug|x64
		{6BC8D83A-86D9-4551-9AD2-9F2DF682A559}.Debug|x86.ActiveCfg = Debug|Win32
		{6BC8D83A-86D9-4551-9AD2-9F2DF682A559}.Debug|x86.Build.0 = Debug|Win32
		{6BC8D83A-86D9-4551-9AD2-9F2DF682A559}.Release|x64.ActiveCfg = Release|x64
		{6BC8D83A-86D9-4551-9AD2-9F2DF682A559}.Release|x64.Build.0 = Release|x64
		{6BC8D83A-86D9-4551-9AD2-9F2DF682A559}.Release|x86.ActiveCfg = Release|Win32
		{6BC8D83A-86D9-4551-9AD2-9F2DF682A559}.Release|x86.Build.0 = Release|Win32
	EndGlobalSection
	GlobalSection(SolutionProperties) = preSolution
		HideSolutionNode = FALSE
	EndGlobalSection
	GlobalSection(ExtensibilityGlobals) = postSolution
		SolutionGuid = {A78E74B2-E84C-4ED2-B767-37EFD8C85A2A}
	EndGlobalSection
EndGlobal
